// !$*UTF8*$!
{
	archiveVersion = 1;
	classes = {
	};
	objectVersion = 46;
	objects = {

/* Begin PBXBuildFile section */
		DFA8C68F1D0803AB000D1B1C /* main.m in Sources */ = {isa = PBXBuildFile; fileRef = DFA8C68E1D0803AB000D1B1C /* main.m */; };
		DFA8C6921D0803AB000D1B1C /* AppDelegate.m in Sources */ = {isa = PBXBuildFile; fileRef = DFA8C6911D0803AB000D1B1C /* AppDelegate.m */; };
		DFA8C6951D0803AB000D1B1C /* ViewController.m in Sources */ = {isa = PBXBuildFile; fileRef = DFA8C6941D0803AB000D1B1C /* ViewController.m */; };
		DFA8C6981D0803AB000D1B1C /* Main.storyboard in Resources */ = {isa = PBXBuildFile; fileRef = DFA8C6961D0803AB000D1B1C /* Main.storyboard */; };
		DFA8C69A1D0803AB000D1B1C /* Assets.xcassets in Resources */ = {isa = PBXBuildFile; fileRef = DFA8C6991D0803AB000D1B1C /* Assets.xcassets */; };
		DFA8C69D1D0803AB000D1B1C /* LaunchScreen.storyboard in Resources */ = {isa = PBXBuildFile; fileRef = DFA8C69B1D0803AB000D1B1C /* LaunchScreen.storyboard */; };
/* End PBXBuildFile section */

/* Begin PBXFileReference section */
		DFA8C68A1D0803AB000D1B1C /* K-Chat.app */ = {isa = PBXFileReference; explicitFileType = wrapper.application; includeInIndex = 0; path = "K-Chat.app"; sourceTree = BUILT_PRODUCTS_DIR; };
		DFA8C68E1D0803AB000D1B1C /* main.m */ = {isa = PBXFileReference; lastKnownFileType = sourcecode.c.objc; path = main.m; sourceTree = "<group>"; };
		DFA8C6901D0803AB000D1B1C /* AppDelegate.h */ = {isa = PBXFileReference; lastKnownFileType = sourcecode.c.h; path = AppDelegate.h; sourceTree = "<group>"; };
		DFA8C6911D0803AB000D1B1C /* AppDelegate.m */ = {isa = PBXFileReference; lastKnownFileType = sourcecode.c.objc; path = AppDelegate.m; sourceTree = "<group>"; };
		DFA8C6931D0803AB000D1B1C /* ViewController.h */ = {isa = PBXFileReference; lastKnownFileType = sourcecode.c.h; path = ViewController.h; sourceTree = "<group>"; };
		DFA8C6941D0803AB000D1B1C /* ViewController.m */ = {isa = PBXFileReference; lastKnownFileType = sourcecode.c.objc; path = ViewController.m; sourceTree = "<group>"; };
		DFA8C6971D0803AB000D1B1C /* Base */ = {isa = PBXFileReference; lastKnownFileType = file.storyboard; name = Base; path = Base.lproj/Main.storyboard; sourceTree = "<group>"; };
		DFA8C6991D0803AB000D1B1C /* Assets.xcassets */ = {isa = PBXFileReference; lastKnownFileType = folder.assetcatalog; path = Assets.xcassets; sourceTree = "<group>"; };
		DFA8C69C1D0803AB000D1B1C /* Base */ = {isa = PBXFileReference; lastKnownFileType = file.storyboard; name = Base; path = Base.lproj/LaunchScreen.storyboard; sourceTree = "<group>"; };
		DFA8C69E1D0803AB000D1B1C /* Info.plist */ = {isa = PBXFileReference; lastKnownFileType = text.plist.xml; path = Info.plist; sourceTree = "<group>"; };
/* End PBXFileReference section */

/* Begin PBXFrameworksBuildPhase section */
		DFA8C6871D0803AB000D1B1C /* Frameworks */ = {
			isa = PBXFrameworksBuildPhase;
			buildActionMask = 2147483647;
			files = (
			);
			runOnlyForDeploymentPostprocessing = 0;
		};
/* End PBXFrameworksBuildPhase section */

/* Begin PBXGroup section */
		DFA8C6811D0803AB000D1B1C = {
			isa = PBXGroup;
			children = (
				DFA8C68C1D0803AB000D1B1C /* K-Chat */,
				DFA8C68B1D0803AB000D1B1C /* Products */,
			);
			sourceTree = "<group>";
		};
		DFA8C68B1D0803AB000D1B1C /* Products */ = {
			isa = PBXGroup;
			children = (
				DFA8C68A1D0803AB000D1B1C /* K-Chat.app */,
			);
			name = Products;
			sourceTree = "<group>";
		};
		DFA8C68C1D0803AB000D1B1C /* K-Chat */ = {
			isa = PBXGroup;
			children = (
				DFA8C6901D0803AB000D1B1C /* AppDelegate.h */,
				DFA8C6911D0803AB000D1B1C /* AppDelegate.m */,
				DFA8C6931D0803AB000D1B1C /* ViewController.h */,
				DFA8C6941D0803AB000D1B1C /* ViewController.m */,
				DFA8C6961D0803AB000D1B1C /* Main.storyboard */,
				DFA8C6991D0803AB000D1B1C /* Assets.xcassets */,
				DFA8C69B1D0803AB000D1B1C /* LaunchScreen.storyboard */,
				DFA8C69E1D0803AB000D1B1C /* Info.plist */,
				DFA8C68D1D0803AB000D1B1C /* Supporting Files */,
			);
			path = "K-Chat";
			sourceTree = "<group>";
		};
		DFA8C68D1D0803AB000D1B1C /* Supporting Files */ = {
			isa = PBXGroup;
			children = (
				DFA8C68E1D0803AB000D1B1C /* main.m */,
			);
			name = "Supporting Files";
			sourceTree = "<group>";
		};
/* End PBXGroup section */

/* Begin PBXNativeTarget section */
		DFA8C6891D0803AB000D1B1C /* K-Chat */ = {
			isa = PBXNativeTarget;
			buildConfigurationList = DFA8C6A11D0803AB000D1B1C /* Build configuration list for PBXNativeTarget "K-Chat" */;
			buildPhases = (
				DFA8C6861D0803AB000D1B1C /* Sources */,
				DFA8C6871D0803AB000D1B1C /* Frameworks */,
				DFA8C6881D0803AB000D1B1C /* Resources */,
			);
			buildRules = (
			);
			dependencies = (
			);
			name = "K-Chat";
			productName = "K-Chat";
			productReference = DFA8C68A1D0803AB000D1B1C /* K-Chat.app */;
			productType = "com.apple.product-type.application";
		};
/* End PBXNativeTarget section */

/* Begin PBXProject section */
		DFA8C6821D0803AB000D1B1C /* Project object */ = {
			isa = PBXProject;
			attributes = {
				LastUpgradeCheck = 0730;
				ORGANIZATIONNAME = KosalPen;
				TargetAttributes = {
					DFA8C6891D0803AB000D1B1C = {
						CreatedOnToolsVersion = 7.3.1;
					};
				};
			};
			buildConfigurationList = DFA8C6851D0803AB000D1B1C /* Build configuration list for PBXProject "K-Chat" */;
			compatibilityVersion = "Xcode 3.2";
			developmentRegion = English;
			hasScannedForEncodings = 0;
			knownRegions = (
				en,
				Base,
			);
			mainGroup = DFA8C6811D0803AB000D1B1C;
			productRefGroup = DFA8C68B1D0803AB000D1B1C /* Products */;
			projectDirPath = "";
			projectRoot = "";
			targets = (
				DFA8C6891D0803AB000D1B1C /* K-Chat */,
			);
		};
/* End PBXProject section */

/* Begin PBXResourcesBuildPhase section */
		DFA8C6881D0803AB000D1B1C /* Resources */ = {
			isa = PBXResourcesBuildPhase;
			buildActionMask = 2147483647;
			files = (
				DFA8C69D1D0803AB000D1B1C /* LaunchScreen.storyboard in Resources */,
				DFA8C69A1D0803AB000D1B1C /* Assets.xcassets in Resources */,
				DFA8C6981D0803AB000D1B1C /* Main.storyboard in Resources */,
			);
			runOnlyForDeploymentPostprocessing = 0;
		};
/* End PBXResourcesBuildPhase section */

/* Begin PBXSourcesBuildPhase section */
		DFA8C6861D0803AB000D1B1C /* Sources */ = {
			isa = PBXSourcesBuildPhase;
			buildActionMask = 2147483647;
			files = (
				DFA8C6951D0803AB000D1B1C /* ViewController.m in Sources */,
				DFA8C6921D0803AB000D1B1C /* AppDelegate.m in Sources */,
				DFA8C68F1D0803AB000D1B1C /* main.m in Sources */,
			);
			runOnlyForDeploymentPostprocessing = 0;
		};
/* End PBXSourcesBuildPhase section */

/* Begin PBXVariantGroup section */
		DFA8C6961D0803AB000D1B1C /* Main.storyboard */ = {
			isa = PBXVariantGroup;
			children = (
				DFA8C6971D0803AB000D1B1C /* Base */,
			);
			name = Main.storyboard;
			sourceTree = "<group>";
		};
		DFA8C69B1D0803AB000D1B1C /* LaunchScreen.storyboard */ = {
			isa = PBXVariantGroup;
			children = (
				DFA8C69C1D0803AB000D1B1C /* Base */,
			);
			name = LaunchScreen.storyboard;
			sourceTree = "<group>";
		};
/* End PBXVariantGroup section */

/* Begin XCBuildConfiguration section */
		DFA8C69F1D0803AB000D1B1C /* Debug */ = {
			isa = XCBuildConfiguration;
			buildSettings = {
				ALWAYS_SEARCH_USER_PATHS = NO;
				CLANG_ANALYZER_NONNULL = YES;
				CLANG_CXX_LANGUAGE_STANDARD = "gnu++0x";
				CLANG_CXX_LIBRARY = "libc++";
				CLANG_ENABLE_MODULES = YES;
				CLANG_ENABLE_OBJC_ARC = YES;
				CLANG_WARN_BOOL_CONVERSION = YES;
				CLANG_WARN_CONSTANT_CONVERSION = YES;
				CLANG_WARN_DIRECT_OBJC_ISA_USAGE = YES_ERROR;
				CLANG_WARN_EMPTY_BODY = YES;
				CLANG_WARN_ENUM_CONVERSION = YES;
				CLANG_WARN_INT_CONVERSION = YES;
				CLANG_WARN_OBJC_ROOT_CLASS = YES_ERROR;
				CLANG_WARN_UNREACHABLE_CODE = YES;
				CLANG_WARN__DUPLICATE_METHOD_MATCH = YES;
				"CODE_SIGN_IDENTITY[sdk=iphoneos*]" = "iPhone Developer";
				COPY_PHASE_STRIP = NO;
				DEBUG_INFORMATION_FORMAT = dwarf;
				ENABLE_STRICT_OBJC_MSGSEND = YES;
				ENABLE_TESTABILITY = YES;
				GCC_C_LANGUAGE_STANDARD = gnu99;
				GCC_DYNAMIC_NO_PIC = NO;
				GCC_NO_COMMON_BLOCKS = YES;
				GCC_OPTIMIZATION_LEVEL = 0;
				GCC_PREPROCESSOR_DEFINITIONS = (
					"DEBUG=1",
					"$(inherited)",
				);
				GCC_WARN_64_TO_32_BIT_CONVERSION = YES;
				GCC_WARN_ABOUT_RETURN_TYPE = YES_ERROR;
				GCC_WARN_UNDECLARED_SELECTOR = YES;
				GCC_WARN_UNINITIALIZED_AUTOS = YES_AGGRESSIVE;
				GCC_WARN_UNUSED_FUNCTION = YES;
				GCC_WARN_UNUSED_VARIABLE = YES;
				IPHONEOS_DEPLOYMENT_TARGET = 9.3;
				MTL_ENABLE_DEBUG_INFO = YES;
				ONLY_ACTIVE_ARCH = YES;
				SDKROOT = iphoneos;
			};
			name = Debug;
		};
		DFA8C6A01D0803AB000D1B1C /* Release */ = {
			isa = XCBuildConfiguration;
			buildSettings = {
				ALWAYS_SEARCH_USER_PATHS = NO;
				CLANG_ANALYZER_NONNULL = YES;
				CLANG_CXX_LANGUAGE_STANDARD = "gnu++0x";
				CLANG_CXX_LIBRARY = "libc++";
				CLANG_ENABLE_MODULES = YES;
				CLANG_ENABLE_OBJC_ARC = YES;
				CLANG_WARN_BOOL_CONVERSION = YES;
				CLANG_WARN_CONSTANT_CONVERSION = YES;
				CLANG_WARN_DIRECT_OBJC_ISA_USAGE = YES_ERROR;
				CLANG_WARN_EMPTY_BODY = YES;
				CLANG_WARN_ENUM_CONVERSION = YES;
				CLANG_WARN_INT_CONVERSION = YES;
				CLANG_WARN_OBJC_ROOT_CLASS = YES_ERROR;
				CLANG_WARN_UNREACHABLE_CODE = YES;
				CLANG_WARN__DUPLICATE_METHOD_MATCH = YES;
				"CODE_SIGN_IDENTITY[sdk=iphoneos*]" = "iPhone Developer";
				COPY_PHASE_STRIP = NO;
				DEBUG_INFORMATION_FORMAT = "dwarf-with-dsym";
				ENABLE_NS_ASSERTIONS = NO;
				ENABLE_STRICT_OBJC_MSGSEND = YES;
				GCC_C_LANGUAGE_STANDARD = gnu99;
				GCC_NO_COMMON_BLOCKS = YES;
				GCC_WARN_64_TO_32_BIT_CONVERSION = YES;
				GCC_WARN_ABOUT_RETURN_TYPE = YES_ERROR;
				GCC_WARN_UNDECLARED_SELECTOR = YES;
				GCC_WARN_UNINITIALIZED_AUTOS = YES_AGGRESSIVE;
				GCC_WARN_UNUSED_FUNCTION = YES;
				GCC_WARN_UNUSED_VARIABLE = YES;
				IPHONEOS_DEPLOYMENT_TARGET = 9.3;
				MTL_ENABLE_DEBUG_INFO = NO;
				SDKROOT = iphoneos;
				VALIDATE_PRODUCT = YES;
			};
			name = Release;
		};
		DFA8C6A21D0803AB000D1B1C /* Debug */ = {
			isa = XCBuildConfiguration;
			buildSettings = {
				ASSETCATALOG_COMPILER_APPICON_NAME = AppIcon;
				INFOPLIST_FILE = "K-Chat/Info.plist";
				LD_RUNPATH_SEARCH_PATHS = "$(inherited) @executable_path/Frameworks";
				PRODUCT_BUNDLE_IDENTIFIER = "RasySwagneel.K-Chat";
				PRODUCT_NAME = "$(TARGET_NAME)";
			};
			name = Debug;
		};
		DFA8C6A31D0803AB000D1B1C /* Release */ = {
			isa = XCBuildConfiguration;
			buildSettings = {
				ASSETCATALOG_COMPILER_APPICON_NAME = AppIcon;
				INFOPLIST_FILE = "K-Chat/Info.plist";
				LD_RUNPATH_SEARCH_PATHS = "$(inherited) @executable_path/Frameworks";
				PRODUCT_BUNDLE_IDENTIFIER = "RasySwagneel.K-Chat";
				PRODUCT_NAME = "$(TARGET_NAME)";
			};
			name = Release;
		};
/* End XCBuildConfiguration section */

/* Begin XCConfigurationList section */
		DFA8C6851D0803AB000D1B1C /* Build configuration list for PBXProject "K-Chat" */ = {
			isa = XCConfigurationList;
			buildConfigurations = (
				DFA8C69F1D0803AB000D1B1C /* Debug */,
				DFA8C6A01D0803AB000D1B1C /* Release */,
			);
			defaultConfigurationIsVisible = 0;
			defaultConfigurationName = Release;
		};
		DFA8C6A11D0803AB000D1B1C /* Build configuration list for PBXNativeTarget "K-Chat" */ = {
			isa = XCConfigurationList;
			buildConfigurations = (
				DFA8C6A21D0803AB000D1B1C /* Debug */,
				DFA8C6A31D0803AB000D1B1C /* Release */,
			);
			defaultConfigurationIsVisible = 0;
		};
/* End XCConfigurationList section */
	};
	rootObject = DFA8C6821D0803AB000D1B1C /* Project object */;
}
